
Microsoft Visual Studio Solution File, Format Version 12.00
# Visual Studio Version 16
VisualStudioVersion = 16.0.33214.272
MinimumVisualStudioVersion = 10.0.40219.1
Project("{FAE04EC0-301F-11D3-BF4B-00C04F79EFBC}") = "pr13_2_Kaigorodov", "pr13_2_Kaigorodov.csproj", "{DE2DF2F9-4DA8-408A-9057-20B562D931AA}"
EndProject
Global
	GlobalSection(SolutionConfigurationPlatforms) = preSolution
		Debug|Any CPU = Debug|Any CPU
		Release|Any CPU = Release|Any CPU
	EndGlobalSection
	GlobalSection(ProjectConfigurationPlatforms) = postSolution
		{DE2DF2F9-4DA8-408A-9057-20B562D931AA}.Debug|Any CPU.ActiveCfg = Debug|Any CPU
		{DE2DF2F9-4DA8-408A-9057-20B562D931AA}.Debug|Any CPU.Build.0 = Debug|Any CPU
		{DE2DF2F9-4DA8-408A-9057-20B562D931AA}.Release|Any CPU.ActiveCfg = Release|Any CPU
		{DE2DF2F9-4DA8-408A-9057-20B562D931AA}.Release|Any CPU.Build.0 = Release|Any CPU
	EndGlobalSection
	GlobalSection(SolutionProperties) = preSolution
		HideSolutionNode = FALSE
	EndGlobalSection
	GlobalSection(ExtensibilityGlobals) = postSolution
		SolutionGuid = {D6F6FE28-CA1D-4AB1-9E71-F0C40895F804}
	EndGlobalSection
EndGlobal
